
Microsoft Visual Studio Solution File, Format Version 12.00
# Visual Studio Version 16
VisualStudioVersion = 16.0.30114.105
MinimumVisualStudioVersion = 10.0.40219.1
Project("{2150E333-8FDC-42A3-9474-1A3956D46DE8}") = "src", "src", "{A7B0A3F8-EDA5-4846-AFC1-1DA5044D35B0}"
EndProject
Project("{FAE04EC0-301F-11D3-BF4B-00C04F79EFBC}") = "LGraebin.Extensions", "src\LGraebin.Extensions\LGraebin.Extensions.csproj", "{48391033-27D0-431C-B980-B5BDFC376C78}"
EndProject
Project("{2150E333-8FDC-42A3-9474-1A3956D46DE8}") = "tests", "tests", "{305D461F-8498-421F-A9CD-56600F27D303}"
EndProject
Project("{FAE04EC0-301F-11D3-BF4B-00C04F79EFBC}") = "LGraebin.Extensions.UnitTests", "tests\LGraebin.Extensions.UnitTests\LGraebin.Extensions.UnitTests.csproj", "{848E08CB-8B11-40C0-8F1B-ECF78A446641}"
EndProject
Global
	GlobalSection(SolutionConfigurationPlatforms) = preSolution
		Debug|Any CPU = Debug|Any CPU
		Release|Any CPU = Release|Any CPU
	EndGlobalSection
	GlobalSection(SolutionProperties) = preSolution
		HideSolutionNode = FALSE
	EndGlobalSection
	GlobalSection(ProjectConfigurationPlatforms) = postSolution
		{48391033-27D0-431C-B980-B5BDFC376C78}.Debug|Any CPU.ActiveCfg = Debug|Any CPU
		{48391033-27D0-431C-B980-B5BDFC376C78}.Debug|Any CPU.Build.0 = Debug|Any CPU
		{48391033-27D0-431C-B980-B5BDFC376C78}.Release|Any CPU.ActiveCfg = Release|Any CPU
		{48391033-27D0-431C-B980-B5BDFC376C78}.Release|Any CPU.Build.0 = Release|Any CPU
		{848E08CB-8B11-40C0-8F1B-ECF78A446641}.Debug|Any CPU.ActiveCfg = Debug|Any CPU
		{848E08CB-8B11-40C0-8F1B-ECF78A446641}.Debug|Any CPU.Build.0 = Debug|Any CPU
		{848E08CB-8B11-40C0-8F1B-ECF78A446641}.Release|Any CPU.ActiveCfg = Release|Any CPU
		{848E08CB-8B11-40C0-8F1B-ECF78A446641}.Release|Any CPU.Build.0 = Release|Any CPU
	EndGlobalSection
	GlobalSection(NestedProjects) = preSolution
		{48391033-27D0-431C-B980-B5BDFC376C78} = {A7B0A3F8-EDA5-4846-AFC1-1DA5044D35B0}
		{848E08CB-8B11-40C0-8F1B-ECF78A446641} = {305D461F-8498-421F-A9CD-56600F27D303}
	EndGlobalSection
EndGlobal
